
Microsoft Visual Studio Solution File, Format Version 12.00
# Visual Studio 15
VisualStudioVersion = 15.0.27703.2042
MinimumVisualStudioVersion = 10.0.40219.1
Project("{FAE04EC0-301F-11D3-BF4B-00C04F79EFBC}") = "exeptions-namespaces-classwork", "exeptions-namespaces-classwork\exeptions-namespaces-classwork.csproj", "{014A024D-68DD-4C98-8677-95CF14128FEB}"
EndProject
Project("{FAE04EC0-301F-11D3-BF4B-00C04F79EFBC}") = "Models", "Models\Models.csproj", "{0C4A125A-74FB-4A4A-A838-6D1A26D56C5B}"
EndProject
Global
	GlobalSection(SolutionConfigurationPlatforms) = preSolution
		Debug|Any CPU = Debug|Any CPU
		Release|Any CPU = Release|Any CPU
	EndGlobalSection
	GlobalSection(ProjectConfigurationPlatforms) = postSolution
		{014A024D-68DD-4C98-8677-95CF14128FEB}.Debug|Any CPU.ActiveCfg = Debug|Any CPU
		{014A024D-68DD-4C98-8677-95CF14128FEB}.Debug|Any CPU.Build.0 = Debug|Any CPU
		{014A024D-68DD-4C98-8677-95CF14128FEB}.Release|Any CPU.ActiveCfg = Release|Any CPU
		{014A024D-68DD-4C98-8677-95CF14128FEB}.Release|Any CPU.Build.0 = Release|Any CPU
		{0C4A125A-74FB-4A4A-A838-6D1A26D56C5B}.Debug|Any CPU.ActiveCfg = Debug|Any CPU
		{0C4A125A-74FB-4A4A-A838-6D1A26D56C5B}.Debug|Any CPU.Build.0 = Debug|Any CPU
		{0C4A125A-74FB-4A4A-A838-6D1A26D56C5B}.Release|Any CPU.ActiveCfg = Release|Any CPU
		{0C4A125A-74FB-4A4A-A838-6D1A26D56C5B}.Release|Any CPU.Build.0 = Release|Any CPU
	EndGlobalSection
	GlobalSection(SolutionProperties) = preSolution
		HideSolutionNode = FALSE
	EndGlobalSection
	GlobalSection(ExtensibilityGlobals) = postSolution
		SolutionGuid = {B0204303-F8FF-4600-A36D-0868D94E6F9C}
	EndGlobalSection
EndGlobal
